
Microsoft Visual Studio Solution File, Format Version 12.00
# Visual Studio Version 17
VisualStudioVersion = 17.0.31903.59
MinimumVisualStudioVersion = 10.0.40219.1
Project("{FAE04EC0-301F-11D3-BF4B-00C04F79EFBC}") = "MyTools.Desktop", "MyTools.Desktop\MyTools.Desktop.csproj", "{11CCE55C-E87E-4B05-B2C0-6BFE72AB5875}"
EndProject
Project("{FAE04EC0-301F-11D3-BF4B-00C04F79EFBC}") = "MyTools.Desktop.Test", "MyTools.Desktop.Test\MyTools.Desktop.Test.csproj", "{8D714E11-1E1D-468F-B695-6C02C3C345F0}"
EndProject
Project("{FAE04EC0-301F-11D3-BF4B-00C04F79EFBC}") = "MyTools.Plugins", "MyTools.Plugins\MyTools.Plugins.csproj", "{40AB564F-8BC7-4DF0-B056-42DB209913C4}"
EndProject
Project("{FAE04EC0-301F-11D3-BF4B-00C04F79EFBC}") = "MyTools.Plugins.Test", "MyTools.Plugins.Test\MyTools.Plugins.Test.csproj", "{BDA48C93-DFE2-4E5E-B36A-B6E11F99AE16}"
EndProject
Project("{FAE04EC0-301F-11D3-BF4B-00C04F79EFBC}") = "MyTools.Common", "MyTools.Common\MyTools.Common.csproj", "{7D375128-0D1C-44E6-8CC1-0E20CF992149}"
EndProject
Project("{FAE04EC0-301F-11D3-BF4B-00C04F79EFBC}") = "MyTools.Common.Test", "MyTools.Common.Test\MyTools.Common.Test.csproj", "{BE4D8117-3E64-411E-B16E-A7B2CC4387D1}"
EndProject
Project("{2150E333-8FDC-42A3-9474-1A3956D46DE8}") = "docs", "docs", "{CA4C57DD-299E-48C2-92A1-082ADCEAC454}"
	ProjectSection(SolutionItems) = preProject
		docs\auto-update-architecture.md = docs\auto-update-architecture.md
		docs\i18n-architecture.md = docs\i18n-architecture.md
	EndProjectSection
EndProject
Project("{FAE04EC0-301F-11D3-BF4B-00C04F79EFBC}") = "MyTools.Protocol", "MyTools.Protocol\MyTools.Protocol.csproj", "{39F6DCE7-2320-4BD7-A51A-0FB562B96B08}"
EndProject
Project("{FAE04EC0-301F-11D3-BF4B-00C04F79EFBC}") = "MyTools.Protocol.Test", "MyTools.Protocol.Test\MyTools.Protocol.Test.csproj", "{04296294-CA93-47FF-ABBA-E5B9F7BE419F}"
EndProject
Project("{FAE04EC0-301F-11D3-BF4B-00C04F79EFBC}") = "MyTools.Host.Core", "MyTools.Host.Core\MyTools.Host.Core.csproj", "{0E0C842D-FDA8-4D61-A6AB-B6749006F183}"
EndProject
Project("{FAE04EC0-301F-11D3-BF4B-00C04F79EFBC}") = "MyTools.Host.Core.Test", "MyTools.Host.Core.Test\MyTools.Host.Core.Test.csproj", "{AF537B00-F0EF-4150-9046-AC0C1B97C529}"
EndProject
Project("{FAE04EC0-301F-11D3-BF4B-00C04F79EFBC}") = "MyTools.Host.Transports", "MyTools.Host.Transports\MyTools.Host.Transports.csproj", "{8527939F-65D9-457A-B8FA-C255F1219E6E}"
EndProject
Project("{FAE04EC0-301F-11D3-BF4B-00C04F79EFBC}") = "MyTools.Host.Transports.Test", "MyTools.Host.Transports.Test\MyTools.Host.Transports.Test.csproj", "{7CBFB7CD-106C-4C6C-8D78-FA4ED3C5D17C}"
EndProject
Global
	GlobalSection(SolutionConfigurationPlatforms) = preSolution
		Debug|Any CPU = Debug|Any CPU
		Debug|x64 = Debug|x64
		Debug|x86 = Debug|x86
		Release|Any CPU = Release|Any CPU
		Release|x64 = Release|x64
		Release|x86 = Release|x86
	EndGlobalSection
	GlobalSection(ProjectConfigurationPlatforms) = postSolution
		{11CCE55C-E87E-4B05-B2C0-6BFE72AB5875}.Debug|Any CPU.ActiveCfg = Debug|Any CPU
		{11CCE55C-E87E-4B05-B2C0-6BFE72AB5875}.Debug|Any CPU.Build.0 = Debug|Any CPU
		{11CCE55C-E87E-4B05-B2C0-6BFE72AB5875}.Debug|x64.ActiveCfg = Debug|Any CPU
		{11CCE55C-E87E-4B05-B2C0-6BFE72AB5875}.Debug|x64.Build.0 = Debug|Any CPU
		{11CCE55C-E87E-4B05-B2C0-6BFE72AB5875}.Debug|x86.ActiveCfg = Debug|Any CPU
		{11CCE55C-E87E-4B05-B2C0-6BFE72AB5875}.Debug|x86.Build.0 = Debug|Any CPU
		{11CCE55C-E87E-4B05-B2C0-6BFE72AB5875}.Release|Any CPU.ActiveCfg = Release|Any CPU
		{11CCE55C-E87E-4B05-B2C0-6BFE72AB5875}.Release|Any CPU.Build.0 = Release|Any CPU
		{11CCE55C-E87E-4B05-B2C0-6BFE72AB5875}.Release|x64.ActiveCfg = Release|Any CPU
		{11CCE55C-E87E-4B05-B2C0-6BFE72AB5875}.Release|x64.Build.0 = Release|Any CPU
		{11CCE55C-E87E-4B05-B2C0-6BFE72AB5875}.Release|x86.ActiveCfg = Release|Any CPU
		{11CCE55C-E87E-4B05-B2C0-6BFE72AB5875}.Release|x86.Build.0 = Release|Any CPU
		{8D714E11-1E1D-468F-B695-6C02C3C345F0}.Debug|Any CPU.ActiveCfg = Debug|Any CPU
		{8D714E11-1E1D-468F-B695-6C02C3C345F0}.Debug|Any CPU.Build.0 = Debug|Any CPU
		{8D714E11-1E1D-468F-B695-6C02C3C345F0}.Debug|x64.ActiveCfg = Debug|Any CPU
		{8D714E11-1E1D-468F-B695-6C02C3C345F0}.Debug|x64.Build.0 = Debug|Any CPU
		{8D714E11-1E1D-468F-B695-6C02C3C345F0}.Debug|x86.ActiveCfg = Debug|Any CPU
		{8D714E11-1E1D-468F-B695-6C02C3C345F0}.Debug|x86.Build.0 = Debug|Any CPU
		{8D714E11-1E1D-468F-B695-6C02C3C345F0}.Release|Any CPU.ActiveCfg = Release|Any CPU
		{8D714E11-1E1D-468F-B695-6C02C3C345F0}.Release|Any CPU.Build.0 = Release|Any CPU
		{8D714E11-1E1D-468F-B695-6C02C3C345F0}.Release|x64.ActiveCfg = Release|Any CPU
		{8D714E11-1E1D-468F-B695-6C02C3C345F0}.Release|x64.Build.0 = Release|Any CPU
		{8D714E11-1E1D-468F-B695-6C02C3C345F0}.Release|x86.ActiveCfg = Release|Any CPU
		{8D714E11-1E1D-468F-B695-6C02C3C345F0}.Release|x86.Build.0 = Release|Any CPU
		{40AB564F-8BC7-4DF0-B056-42DB209913C4}.Debug|Any CPU.ActiveCfg = Debug|Any CPU
		{40AB564F-8BC7-4DF0-B056-42DB209913C4}.Debug|Any CPU.Build.0 = Debug|Any CPU
		{40AB564F-8BC7-4DF0-B056-42DB209913C4}.Debug|x64.ActiveCfg = Debug|Any CPU
		{40AB564F-8BC7-4DF0-B056-42DB209913C4}.Debug|x64.Build.0 = Debug|Any CPU
		{40AB564F-8BC7-4DF0-B056-42DB209913C4}.Debug|x86.ActiveCfg = Debug|Any CPU
		{40AB564F-8BC7-4DF0-B056-42DB209913C4}.Debug|x86.Build.0 = Debug|Any CPU
		{40AB564F-8BC7-4DF0-B056-42DB209913C4}.Release|Any CPU.ActiveCfg = Release|Any CPU
		{40AB564F-8BC7-4DF0-B056-42DB209913C4}.Release|Any CPU.Build.0 = Release|Any CPU
		{40AB564F-8BC7-4DF0-B056-42DB209913C4}.Release|x64.ActiveCfg = Release|Any CPU
		{40AB564F-8BC7-4DF0-B056-42DB209913C4}.Release|x64.Build.0 = Release|Any CPU
		{40AB564F-8BC7-4DF0-B056-42DB209913C4}.Release|x86.ActiveCfg = Release|Any CPU
		{40AB564F-8BC7-4DF0-B056-42DB209913C4}.Release|x86.Build.0 = Release|Any CPU
		{BDA48C93-DFE2-4E5E-B36A-B6E11F99AE16}.Debug|Any CPU.ActiveCfg = Debug|Any CPU
		{BDA48C93-DFE2-4E5E-B36A-B6E11F99AE16}.Debug|Any CPU.Build.0 = Debug|Any CPU
		{BDA48C93-DFE2-4E5E-B36A-B6E11F99AE16}.Debug|x64.ActiveCfg = Debug|Any CPU
		{BDA48C93-DFE2-4E5E-B36A-B6E11F99AE16}.Debug|x64.Build.0 = Debug|Any CPU
		{BDA48C93-DFE2-4E5E-B36A-B6E11F99AE16}.Debug|x86.ActiveCfg = Debug|Any CPU
		{BDA48C93-DFE2-4E5E-B36A-B6E11F99AE16}.Debug|x86.Build.0 = Debug|Any CPU
		{BDA48C93-DFE2-4E5E-B36A-B6E11F99AE16}.Release|Any CPU.ActiveCfg = Release|Any CPU
		{BDA48C93-DFE2-4E5E-B36A-B6E11F99AE16}.Release|Any CPU.Build.0 = Release|Any CPU
		{BDA48C93-DFE2-4E5E-B36A-B6E11F99AE16}.Release|x64.ActiveCfg = Release|Any CPU
		{BDA48C93-DFE2-4E5E-B36A-B6E11F99AE16}.Release|x64.Build.0 = Release|Any CPU
		{BDA48C93-DFE2-4E5E-B36A-B6E11F99AE16}.Release|x86.ActiveCfg = Release|Any CPU
		{BDA48C93-DFE2-4E5E-B36A-B6E11F99AE16}.Release|x86.Build.0 = Release|Any CPU
		{7D375128-0D1C-44E6-8CC1-0E20CF992149}.Debug|Any CPU.ActiveCfg = Debug|Any CPU
		{7D375128-0D1C-44E6-8CC1-0E20CF992149}.Debug|Any CPU.Build.0 = Debug|Any CPU
		{7D375128-0D1C-44E6-8CC1-0E20CF992149}.Debug|x64.ActiveCfg = Debug|Any CPU
		{7D375128-0D1C-44E6-8CC1-0E20CF992149}.Debug|x64.Build.0 = Debug|Any CPU
		{7D375128-0D1C-44E6-8CC1-0E20CF992149}.Debug|x86.ActiveCfg = Debug|Any CPU
		{7D375128-0D1C-44E6-8CC1-0E20CF992149}.Debug|x86.Build.0 = Debug|Any CPU
		{7D375128-0D1C-44E6-8CC1-0E20CF992149}.Release|Any CPU.ActiveCfg = Release|Any CPU
		{7D375128-0D1C-44E6-8CC1-0E20CF992149}.Release|Any CPU.Build.0 = Release|Any CPU
		{7D375128-0D1C-44E6-8CC1-0E20CF992149}.Release|x64.ActiveCfg = Release|Any CPU
		{7D375128-0D1C-44E6-8CC1-0E20CF992149}.Release|x64.Build.0 = Release|Any CPU
		{7D375128-0D1C-44E6-8CC1-0E20CF992149}.Release|x86.ActiveCfg = Release|Any CPU
		{7D375128-0D1C-44E6-8CC1-0E20CF992149}.Release|x86.Build.0 = Release|Any CPU
		{BE4D8117-3E64-411E-B16E-A7B2CC4387D1}.Debug|Any CPU.ActiveCfg = Debug|Any CPU
		{BE4D8117-3E64-411E-B16E-A7B2CC4387D1}.Debug|Any CPU.Build.0 = Debug|Any CPU
		{BE4D8117-3E64-411E-B16E-A7B2CC4387D1}.Debug|x64.ActiveCfg = Debug|Any CPU
		{BE4D8117-3E64-411E-B16E-A7B2CC4387D1}.Debug|x64.Build.0 = Debug|Any CPU
		{BE4D8117-3E64-411E-B16E-A7B2CC4387D1}.Debug|x86.ActiveCfg = Debug|Any CPU
		{BE4D8117-3E64-411E-B16E-A7B2CC4387D1}.Debug|x86.Build.0 = Debug|Any CPU
		{BE4D8117-3E64-411E-B16E-A7B2CC4387D1}.Release|Any CPU.ActiveCfg = Release|Any CPU
		{BE4D8117-3E64-411E-B16E-A7B2CC4387D1}.Release|Any CPU.Build.0 = Release|Any CPU
		{BE4D8117-3E64-411E-B16E-A7B2CC4387D1}.Release|x64.ActiveCfg = Release|Any CPU
		{BE4D8117-3E64-411E-B16E-A7B2CC4387D1}.Release|x64.Build.0 = Release|Any CPU
		{BE4D8117-3E64-411E-B16E-A7B2CC4387D1}.Release|x86.ActiveCfg = Release|Any CPU
		{BE4D8117-3E64-411E-B16E-A7B2CC4387D1}.Release|x86.Build.0 = Release|Any CPU
		{39F6DCE7-2320-4BD7-A51A-0FB562B96B08}.Debug|Any CPU.ActiveCfg = Debug|Any CPU
		{39F6DCE7-2320-4BD7-A51A-0FB562B96B08}.Debug|Any CPU.Build.0 = Debug|Any CPU
		{39F6DCE7-2320-4BD7-A51A-0FB562B96B08}.Debug|x64.ActiveCfg = Debug|Any CPU
		{39F6DCE7-2320-4BD7-A51A-0FB562B96B08}.Debug|x64.Build.0 = Debug|Any CPU
		{39F6DCE7-2320-4BD7-A51A-0FB562B96B08}.Debug|x86.ActiveCfg = Debug|Any CPU
		{39F6DCE7-2320-4BD7-A51A-0FB562B96B08}.Debug|x86.Build.0 = Debug|Any CPU
		{39F6DCE7-2320-4BD7-A51A-0FB562B96B08}.Release|Any CPU.ActiveCfg = Release|Any CPU
		{39F6DCE7-2320-4BD7-A51A-0FB562B96B08}.Release|Any CPU.Build.0 = Release|Any CPU
		{39F6DCE7-2320-4BD7-A51A-0FB562B96B08}.Release|x64.ActiveCfg = Release|Any CPU
		{39F6DCE7-2320-4BD7-A51A-0FB562B96B08}.Release|x64.Build.0 = Release|Any CPU
		{39F6DCE7-2320-4BD7-A51A-0FB562B96B08}.Release|x86.ActiveCfg = Release|Any CPU
		{39F6DCE7-2320-4BD7-A51A-0FB562B96B08}.Release|x86.Build.0 = Release|Any CPU
		{04296294-CA93-47FF-ABBA-E5B9F7BE419F}.Debug|Any CPU.ActiveCfg = Debug|Any CPU
		{04296294-CA93-47FF-ABBA-E5B9F7BE419F}.Debug|Any CPU.Build.0 = Debug|Any CPU
		{04296294-CA93-47FF-ABBA-E5B9F7BE419F}.Debug|x64.ActiveCfg = Debug|Any CPU
		{04296294-CA93-47FF-ABBA-E5B9F7BE419F}.Debug|x64.Build.0 = Debug|Any CPU
		{04296294-CA93-47FF-ABBA-E5B9F7BE419F}.Debug|x86.ActiveCfg = Debug|Any CPU
		{04296294-CA93-47FF-ABBA-E5B9F7BE419F}.Debug|x86.Build.0 = Debug|Any CPU
		{04296294-CA93-47FF-ABBA-E5B9F7BE419F}.Release|Any CPU.ActiveCfg = Release|Any CPU
		{04296294-CA93-47FF-ABBA-E5B9F7BE419F}.Release|Any CPU.Build.0 = Release|Any CPU
		{04296294-CA93-47FF-ABBA-E5B9F7BE419F}.Release|x64.ActiveCfg = Release|Any CPU
		{04296294-CA93-47FF-ABBA-E5B9F7BE419F}.Release|x64.Build.0 = Release|Any CPU
		{04296294-CA93-47FF-ABBA-E5B9F7BE419F}.Release|x86.ActiveCfg = Release|Any CPU
		{04296294-CA93-47FF-ABBA-E5B9F7BE419F}.Release|x86.Build.0 = Release|Any CPU
		{0E0C842D-FDA8-4D61-A6AB-B6749006F183}.Debug|Any CPU.ActiveCfg = Debug|Any CPU
		{0E0C842D-FDA8-4D61-A6AB-B6749006F183}.Debug|Any CPU.Build.0 = Debug|Any CPU
		{0E0C842D-FDA8-4D61-A6AB-B6749006F183}.Debug|x64.ActiveCfg = Debug|Any CPU
		{0E0C842D-FDA8-4D61-A6AB-B6749006F183}.Debug|x64.Build.0 = Debug|Any CPU
		{0E0C842D-FDA8-4D61-A6AB-B6749006F183}.Debug|x86.ActiveCfg = Debug|Any CPU
		{0E0C842D-FDA8-4D61-A6AB-B6749006F183}.Debug|x86.Build.0 = Debug|Any CPU
		{0E0C842D-FDA8-4D61-A6AB-B6749006F183}.Release|Any CPU.ActiveCfg = Release|Any CPU
		{0E0C842D-FDA8-4D61-A6AB-B6749006F183}.Release|Any CPU.Build.0 = Release|Any CPU
		{0E0C842D-FDA8-4D61-A6AB-B6749006F183}.Release|x64.ActiveCfg = Release|Any CPU
		{0E0C842D-FDA8-4D61-A6AB-B6749006F183}.Release|x64.Build.0 = Release|Any CPU
		{0E0C842D-FDA8-4D61-A6AB-B6749006F183}.Release|x86.ActiveCfg = Release|Any CPU
		{0E0C842D-FDA8-4D61-A6AB-B6749006F183}.Release|x86.Build.0 = Release|Any CPU
		{AF537B00-F0EF-4150-9046-AC0C1B97C529}.Debug|Any CPU.ActiveCfg = Debug|Any CPU
		{AF537B00-F0EF-4150-9046-AC0C1B97C529}.Debug|Any CPU.Build.0 = Debug|Any CPU
		{AF537B00-F0EF-4150-9046-AC0C1B97C529}.Debug|x64.ActiveCfg = Debug|Any CPU
		{AF537B00-F0EF-4150-9046-AC0C1B97C529}.Debug|x64.Build.0 = Debug|Any CPU
		{AF537B00-F0EF-4150-9046-AC0C1B97C529}.Debug|x86.ActiveCfg = Debug|Any CPU
		{AF537B00-F0EF-4150-9046-AC0C1B97C529}.Debug|x86.Build.0 = Debug|Any CPU
		{AF537B00-F0EF-4150-9046-AC0C1B97C529}.Release|Any CPU.ActiveCfg = Release|Any CPU
		{AF537B00-F0EF-4150-9046-AC0C1B97C529}.Release|Any CPU.Build.0 = Release|Any CPU
		{AF537B00-F0EF-4150-9046-AC0C1B97C529}.Release|x64.ActiveCfg = Release|Any CPU
		{AF537B00-F0EF-4150-9046-AC0C1B97C529}.Release|x64.Build.0 = Release|Any CPU
		{AF537B00-F0EF-4150-9046-AC0C1B97C529}.Release|x86.ActiveCfg = Release|Any CPU
		{AF537B00-F0EF-4150-9046-AC0C1B97C529}.Release|x86.Build.0 = Release|Any CPU
		{8527939F-65D9-457A-B8FA-C255F1219E6E}.Debug|Any CPU.ActiveCfg = Debug|Any CPU
		{8527939F-65D9-457A-B8FA-C255F1219E6E}.Debug|Any CPU.Build.0 = Debug|Any CPU
		{8527939F-65D9-457A-B8FA-C255F1219E6E}.Debug|x64.ActiveCfg = Debug|Any CPU
		{8527939F-65D9-457A-B8FA-C255F1219E6E}.Debug|x64.Build.0 = Debug|Any CPU
		{8527939F-65D9-457A-B8FA-C255F1219E6E}.Debug|x86.ActiveCfg = Debug|Any CPU
		{8527939F-65D9-457A-B8FA-C255F1219E6E}.Debug|x86.Build.0 = Debug|Any CPU
		{8527939F-65D9-457A-B8FA-C255F1219E6E}.Release|Any CPU.ActiveCfg = Release|Any CPU
		{8527939F-65D9-457A-B8FA-C255F1219E6E}.Release|Any CPU.Build.0 = Release|Any CPU
		{8527939F-65D9-457A-B8FA-C255F1219E6E}.Release|x64.ActiveCfg = Release|Any CPU
		{8527939F-65D9-457A-B8FA-C255F1219E6E}.Release|x64.Build.0 = Release|Any CPU
		{8527939F-65D9-457A-B8FA-C255F1219E6E}.Release|x86.ActiveCfg = Release|Any CPU
		{8527939F-65D9-457A-B8FA-C255F1219E6E}.Release|x86.Build.0 = Release|Any CPU
		{7CBFB7CD-106C-4C6C-8D78-FA4ED3C5D17C}.Debug|Any CPU.ActiveCfg = Debug|Any CPU
		{7CBFB7CD-106C-4C6C-8D78-FA4ED3C5D17C}.Debug|Any CPU.Build.0 = Debug|Any CPU
		{7CBFB7CD-106C-4C6C-8D78-FA4ED3C5D17C}.Debug|x64.ActiveCfg = Debug|Any CPU
		{7CBFB7CD-106C-4C6C-8D78-FA4ED3C5D17C}.Debug|x64.Build.0 = Debug|Any CPU
		{7CBFB7CD-106C-4C6C-8D78-FA4ED3C5D17C}.Debug|x86.ActiveCfg = Debug|Any CPU
		{7CBFB7CD-106C-4C6C-8D78-FA4ED3C5D17C}.Debug|x86.Build.0 = Debug|Any CPU
		{7CBFB7CD-106C-4C6C-8D78-FA4ED3C5D17C}.Release|Any CPU.ActiveCfg = Release|Any CPU
		{7CBFB7CD-106C-4C6C-8D78-FA4ED3C5D17C}.Release|Any CPU.Build.0 = Release|Any CPU
		{7CBFB7CD-106C-4C6C-8D78-FA4ED3C5D17C}.Release|x64.ActiveCfg = Release|Any CPU
		{7CBFB7CD-106C-4C6C-8D78-FA4ED3C5D17C}.Release|x64.Build.0 = Release|Any CPU
		{7CBFB7CD-106C-4C6C-8D78-FA4ED3C5D17C}.Release|x86.ActiveCfg = Release|Any CPU
		{7CBFB7CD-106C-4C6C-8D78-FA4ED3C5D17C}.Release|x86.Build.0 = Release|Any CPU
	EndGlobalSection
	GlobalSection(SolutionProperties) = preSolution
		HideSolutionNode = FALSE
	EndGlobalSection
EndGlobal
